// !$*UTF8*$!
{
	archiveVersion = 1;
	classes = {
	};
	objectVersion = 56;
	objects = {

/* Begin PBXBuildFile section */
		0388038829C6641C00A1FFEA /* AppDelegate.swift in Sources */ = {isa = PBXBuildFile; fileRef = 0388038729C6641C00A1FFEA /* AppDelegate.swift */; };
		0388038A29C6641C00A1FFEA /* SceneDelegate.swift in Sources */ = {isa = PBXBuildFile; fileRef = 0388038929C6641C00A1FFEA /* SceneDelegate.swift */; };
		0388038C29C6641C00A1FFEA /* ViewController.swift in Sources */ = {isa = PBXBuildFile; fileRef = 0388038B29C6641C00A1FFEA /* ViewController.swift */; };
		0388038F29C6641C00A1FFEA /* Main.storyboard in Resources */ = {isa = PBXBuildFile; fileRef = 0388038D29C6641C00A1FFEA /* Main.storyboard */; };
		0388039129C6641D00A1FFEA /* Assets.xcassets in Resources */ = {isa = PBXBuildFile; fileRef = 0388039029C6641D00A1FFEA /* Assets.xcassets */; };
		0388039429C6641D00A1FFEA /* LaunchScreen.storyboard in Resources */ = {isa = PBXBuildFile; fileRef = 0388039229C6641D00A1FFEA /* LaunchScreen.storyboard */; };
		0388039D29C67D0800A1FFEA /* Constants.swift in Sources */ = {isa = PBXBuildFile; fileRef = 0388039C29C67D0800A1FFEA /* Constants.swift */; };
		92A962003E16F9E1C29D0EBF /* Pods_MakeAPICall.framework in Frameworks */ = {isa = PBXBuildFile; fileRef = 6E1DBB7C0ED78792CF2E64C8 /* Pods_MakeAPICall.framework */; };
/* End PBXBuildFile section */

/* Begin PBXFileReference section */
		0388038429C6641C00A1FFEA /* MakeAPICall.app */ = {isa = PBXFileReference; explicitFileType = wrapper.application; includeInIndex = 0; path = MakeAPICall.app; sourceTree = BUILT_PRODUCTS_DIR; };
		0388038729C6641C00A1FFEA /* AppDelegate.swift */ = {isa = PBXFileReference; lastKnownFileType = sourcecode.swift; path = AppDelegate.swift; sourceTree = "<group>"; };
		0388038929C6641C00A1FFEA /* SceneDelegate.swift */ = {isa = PBXFileReference; lastKnownFileType = sourcecode.swift; path = SceneDelegate.swift; sourceTree = "<group>"; };
		0388038B29C6641C00A1FFEA /* ViewController.swift */ = {isa = PBXFileReference; lastKnownFileType = sourcecode.swift; path = ViewController.swift; sourceTree = "<group>"; };
		0388038E29C6641C00A1FFEA /* Base */ = {isa = PBXFileReference; lastKnownFileType = file.storyboard; name = Base; path = Base.lproj/Main.storyboard; sourceTree = "<group>"; };
		0388039029C6641D00A1FFEA /* Assets.xcassets */ = {isa = PBXFileReference; lastKnownFileType = folder.assetcatalog; path = Assets.xcassets; sourceTree = "<group>"; };
		0388039329C6641D00A1FFEA /* Base */ = {isa = PBXFileReference; lastKnownFileType = file.storyboard; name = Base; path = Base.lproj/LaunchScreen.storyboard; sourceTree = "<group>"; };
		0388039529C6641D00A1FFEA /* Info.plist */ = {isa = PBXFileReference; lastKnownFileType = text.plist.xml; path = Info.plist; sourceTree = "<group>"; };
		0388039C29C67D0800A1FFEA /* Constants.swift */ = {isa = PBXFileReference; lastKnownFileType = sourcecode.swift; path = Constants.swift; sourceTree = "<group>"; };
		5E9B08114AB8BB640AC962C7 /* Pods-MakeAPICall.release.xcconfig */ = {isa = PBXFileReference; includeInIndex = 1; lastKnownFileType = text.xcconfig; name = "Pods-MakeAPICall.release.xcconfig"; path = "Target Support Files/Pods-MakeAPICall/Pods-MakeAPICall.release.xcconfig"; sourceTree = "<group>"; };
		6E1DBB7C0ED78792CF2E64C8 /* Pods_MakeAPICall.framework */ = {isa = PBXFileReference; explicitFileType = wrapper.framework; includeInIndex = 0; path = Pods_MakeAPICall.framework; sourceTree = BUILT_PRODUCTS_DIR; };
		98E31F9AE8C412293D70D4A3 /* Pods-MakeAPICall.debug.xcconfig */ = {isa = PBXFileReference; includeInIndex = 1; lastKnownFileType = text.xcconfig; name = "Pods-MakeAPICall.debug.xcconfig"; path = "Target Support Files/Pods-MakeAPICall/Pods-MakeAPICall.debug.xcconfig"; sourceTree = "<group>"; };
/* End PBXFileReference section */

/* Begin PBXFrameworksBuildPhase section */
		0388038129C6641C00A1FFEA /* Frameworks */ = {
			isa = PBXFrameworksBuildPhase;
			buildActionMask = 2147483647;
			files = (
				92A962003E16F9E1C29D0EBF /* Pods_MakeAPICall.framework in Frameworks */,
			);
			runOnlyForDeploymentPostprocessing = 0;
		};
/* End PBXFrameworksBuildPhase section */

/* Begin PBXGroup section */
		0388037B29C6641C00A1FFEA = {
			isa = PBXGroup;
			children = (
				0388038629C6641C00A1FFEA /* MakeAPICall */,
				0388038529C6641C00A1FFEA /* Products */,
				884ACF76D6976CEB7FCEE2DE /* Pods */,
				EF4A5475001A0507596A7857 /* Frameworks */,
			);
			sourceTree = "<group>";
		};
		0388038529C6641C00A1FFEA /* Products */ = {
			isa = PBXGroup;
			children = (
				0388038429C6641C00A1FFEA /* MakeAPICall.app */,
			);
			name = Products;
			sourceTree = "<group>";
		};
		0388038629C6641C00A1FFEA /* MakeAPICall */ = {
			isa = PBXGroup;
			children = (
				0388039B29C67CE900A1FFEA /* utils */,
				0388038729C6641C00A1FFEA /* AppDelegate.swift */,
				0388038929C6641C00A1FFEA /* SceneDelegate.swift */,
				0388038B29C6641C00A1FFEA /* ViewController.swift */,
				0388038D29C6641C00A1FFEA /* Main.storyboard */,
				0388039029C6641D00A1FFEA /* Assets.xcassets */,
				0388039229C6641D00A1FFEA /* LaunchScreen.storyboard */,
				0388039529C6641D00A1FFEA /* Info.plist */,
			);
			path = MakeAPICall;
			sourceTree = "<group>";
		};
		0388039B29C67CE900A1FFEA /* utils */ = {
			isa = PBXGroup;
			children = (
				0388039C29C67D0800A1FFEA /* Constants.swift */,
			);
			path = utils;
			sourceTree = "<group>";
		};
		884ACF76D6976CEB7FCEE2DE /* Pods */ = {
			isa = PBXGroup;
			children = (
				98E31F9AE8C412293D70D4A3 /* Pods-MakeAPICall.debug.xcconfig */,
				5E9B08114AB8BB640AC962C7 /* Pods-MakeAPICall.release.xcconfig */,
			);
			path = Pods;
			sourceTree = "<group>";
		};
		EF4A5475001A0507596A7857 /* Frameworks */ = {
			isa = PBXGroup;
			children = (
				6E1DBB7C0ED78792CF2E64C8 /* Pods_MakeAPICall.framework */,
			);
			name = Frameworks;
			sourceTree = "<group>";
		};
/* End PBXGroup section */

/* Begin PBXNativeTarget section */
		0388038329C6641C00A1FFEA /* MakeAPICall */ = {
			isa = PBXNativeTarget;
			buildConfigurationList = 0388039829C6641D00A1FFEA /* Build configuration list for PBXNativeTarget "MakeAPICall" */;
			buildPhases = (
				AA223148BE12FFA91DAC2A5F /* [CP] Check Pods Manifest.lock */,
				0388038029C6641C00A1FFEA /* Sources */,
				0388038129C6641C00A1FFEA /* Frameworks */,
				0388038229C6641C00A1FFEA /* Resources */,
				031245CC25D6489C975BF4CE /* [CP] Embed Pods Frameworks */,
			);
			buildRules = (
			);
			dependencies = (
			);
			name = MakeAPICall;
			productName = MakeAPICall;
			productReference = 0388038429C6641C00A1FFEA /* MakeAPICall.app */;
			productType = "com.apple.product-type.application";
		};
/* End PBXNativeTarget section */

/* Begin PBXProject section */
		0388037C29C6641C00A1FFEA /* Project object */ = {
			isa = PBXProject;
			attributes = {
				BuildIndependentTargetsInParallel = 1;
				LastSwiftUpdateCheck = 1420;
				LastUpgradeCheck = 1420;
				TargetAttributes = {
					0388038329C6641C00A1FFEA = {
						CreatedOnToolsVersion = 14.2;
					};
				};
			};
			buildConfigurationList = 0388037F29C6641C00A1FFEA /* Build configuration list for PBXProject "MakeAPICall" */;
			compatibilityVersion = "Xcode 14.0";
			developmentRegion = en;
			hasScannedForEncodings = 0;
			knownRegions = (
				en,
				Base,
			);
			mainGroup = 0388037B29C6641C00A1FFEA;
			productRefGroup = 0388038529C6641C00A1FFEA /* Products */;
			projectDirPath = "";
			projectRoot = "";
			targets = (
				0388038329C6641C00A1FFEA /* MakeAPICall */,
			);
		};
/* End PBXProject section */

/* Begin PBXResourcesBuildPhase section */
		0388038229C6641C00A1FFEA /* Resources */ = {
			isa = PBXResourcesBuildPhase;
			buildActionMask = 2147483647;
			files = (
				0388039429C6641D00A1FFEA /* LaunchScreen.storyboard in Resources */,
				0388039129C6641D00A1FFEA /* Assets.xcassets in Resources */,
				0388038F29C6641C00A1FFEA /* Main.storyboard in Resources */,
			);
			runOnlyForDeploymentPostprocessing = 0;
		};
/* End PBXResourcesBuildPhase section */

/* Begin PBXShellScriptBuildPhase section */
		031245CC25D6489C975BF4CE /* [CP] Embed Pods Frameworks */ = {
			isa = PBXShellScriptBuildPhase;
			buildActionMask = 2147483647;
			files = (
			);
			inputFileListPaths = (
				"${PODS_ROOT}/Target Support Files/Pods-MakeAPICall/Pods-MakeAPICall-frameworks-${CONFIGURATION}-input-files.xcfilelist",
			);
			name = "[CP] Embed Pods Frameworks";
			outputFileListPaths = (
				"${PODS_ROOT}/Target Support Files/Pods-MakeAPICall/Pods-MakeAPICall-frameworks-${CONFIGURATION}-output-files.xcfilelist",
			);
			runOnlyForDeploymentPostprocessing = 0;
			shellPath = /bin/sh;
			shellScript = "\"${PODS_ROOT}/Target Support Files/Pods-MakeAPICall/Pods-MakeAPICall-frameworks.sh\"\n";
			showEnvVarsInLog = 0;
		};
		AA223148BE12FFA91DAC2A5F /* [CP] Check Pods Manifest.lock */ = {
			isa = PBXShellScriptBuildPhase;
			buildActionMask = 2147483647;
			files = (
			);
			inputFileListPaths = (
			);
			inputPaths = (
				"${PODS_PODFILE_DIR_PATH}/Podfile.lock",
				"${PODS_ROOT}/Manifest.lock",
			);
			name = "[CP] Check Pods Manifest.lock";
			outputFileListPaths = (
			);
			outputPaths = (
				"$(DERIVED_FILE_DIR)/Pods-MakeAPICall-checkManifestLockResult.txt",
			);
			runOnlyForDeploymentPostprocessing = 0;
			shellPath = /bin/sh;
			shellScript = "diff \"${PODS_PODFILE_DIR_PATH}/Podfile.lock\" \"${PODS_ROOT}/Manifest.lock\" > /dev/null\nif [ $? != 0 ] ; then\n    # print error to STDERR\n    echo \"error: The sandbox is not in sync with the Podfile.lock. Run 'pod install' or update your CocoaPods installation.\" >&2\n    exit 1\nfi\n# This output is used by Xcode 'outputs' to avoid re-running this script phase.\necho \"SUCCESS\" > \"${SCRIPT_OUTPUT_FILE_0}\"\n";
			showEnvVarsInLog = 0;
		};
/* End PBXShellScriptBuildPhase section */

/* Begin PBXSourcesBuildPhase section */
		0388038029C6641C00A1FFEA /* Sources */ = {
			isa = PBXSourcesBuildPhase;
			buildActionMask = 2147483647;
			files = (
				0388038C29C6641C00A1FFEA /* ViewController.swift in Sources */,
				0388038829C6641C00A1FFEA /* AppDelegate.swift in Sources */,
				0388038A29C6641C00A1FFEA /* SceneDelegate.swift in Sources */,
				0388039D29C67D0800A1FFEA /* Constants.swift in Sources */,
			);
			runOnlyForDeploymentPostprocessing = 0;
		};
/* End PBXSourcesBuildPhase section */

/* Begin PBXVariantGroup section */
		0388038D29C6641C00A1FFEA /* Main.storyboard */ = {
			isa = PBXVariantGroup;
			children = (
				0388038E29C6641C00A1FFEA /* Base */,
			);
			name = Main.storyboard;
			sourceTree = "<group>";
		};
		0388039229C6641D00A1FFEA /* LaunchScreen.storyboard */ = {
			isa = PBXVariantGroup;
			children = (
				0388039329C6641D00A1FFEA /* Base */,
			);
			name = LaunchScreen.storyboard;
			sourceTree = "<group>";
		};
/* End PBXVariantGroup section */

/* Begin XCBuildConfiguration section */
		0388039629C6641D00A1FFEA /* Debug */ = {
			isa = XCBuildConfiguration;
			buildSettings = {
				ALWAYS_SEARCH_USER_PATHS = NO;
				CLANG_ANALYZER_NONNULL = YES;
				CLANG_ANALYZER_NUMBER_OBJECT_CONVERSION = YES_AGGRESSIVE;
				CLANG_CXX_LANGUAGE_STANDARD = "gnu++20";
				CLANG_ENABLE_MODULES = YES;
				CLANG_ENABLE_OBJC_ARC = YES;
				CLANG_ENABLE_OBJC_WEAK = YES;
				CLANG_WARN_BLOCK_CAPTURE_AUTORELEASING = YES;
				CLANG_WARN_BOOL_CONVERSION = YES;
				CLANG_WARN_COMMA = YES;
				CLANG_WARN_CONSTANT_CONVERSION = YES;
				CLANG_WARN_DEPRECATED_OBJC_IMPLEMENTATIONS = YES;
				CLANG_WARN_DIRECT_OBJC_ISA_USAGE = YES_ERROR;
				CLANG_WARN_DOCUMENTATION_COMMENTS = YES;
				CLANG_WARN_EMPTY_BODY = YES;
				CLANG_WARN_ENUM_CONVERSION = YES;
				CLANG_WARN_INFINITE_RECURSION = YES;
				CLANG_WARN_INT_CONVERSION = YES;
				CLANG_WARN_NON_LITERAL_NULL_CONVERSION = YES;
				CLANG_WARN_OBJC_IMPLICIT_RETAIN_SELF = YES;
				CLANG_WARN_OBJC_LITERAL_CONVERSION = YES;
				CLANG_WARN_OBJC_ROOT_CLASS = YES_ERROR;
				CLANG_WARN_QUOTED_INCLUDE_IN_FRAMEWORK_HEADER = YES;
				CLANG_WARN_RANGE_LOOP_ANALYSIS = YES;
				CLANG_WARN_STRICT_PROTOTYPES = YES;
				CLANG_WARN_SUSPICIOUS_MOVE = YES;
				CLANG_WARN_UNGUARDED_AVAILABILITY = YES_AGGRESSIVE;
				CLANG_WARN_UNREACHABLE_CODE = YES;
				CLANG_WARN__DUPLICATE_METHOD_MATCH = YES;
				COPY_PHASE_STRIP = NO;
				DEBUG_INFORMATION_FORMAT = dwarf;
				ENABLE_STRICT_OBJC_MSGSEND = YES;
				ENABLE_TESTABILITY = YES;
				GCC_C_LANGUAGE_STANDARD = gnu11;
				GCC_DYNAMIC_NO_PIC = NO;
				GCC_NO_COMMON_BLOCKS = YES;
				GCC_OPTIMIZATION_LEVEL = 0;
				GCC_PREPROCESSOR_DEFINITIONS = (
					"DEBUG=1",
					"$(inherited)",
				);
				GCC_WARN_64_TO_32_BIT_CONVERSION = YES;
				GCC_WARN_ABOUT_RETURN_TYPE = YES_ERROR;
				GCC_WARN_UNDECLARED_SELECTOR = YES;
				GCC_WARN_UNINITIALIZED_AUTOS = YES_AGGRESSIVE;
				GCC_WARN_UNUSED_FUNCTION = YES;
				GCC_WARN_UNUSED_VARIABLE = YES;
				IPHONEOS_DEPLOYMENT_TARGET = 16.2;
				MTL_ENABLE_DEBUG_INFO = INCLUDE_SOURCE;
				MTL_FAST_MATH = YES;
				ONLY_ACTIVE_ARCH = YES;
				SDKROOT = iphoneos;
				SWIFT_ACTIVE_COMPILATION_CONDITIONS = DEBUG;
				SWIFT_OPTIMIZATION_LEVEL = "-Onone";
			};
			name = Debug;
		};
		0388039729C6641D00A1FFEA /* Release */ = {
			isa = XCBuildConfiguration;
			buildSettings = {
				ALWAYS_SEARCH_USER_PATHS = NO;
				CLANG_ANALYZER_NONNULL = YES;
				CLANG_ANALYZER_NUMBER_OBJECT_CONVERSION = YES_AGGRESSIVE;
				CLANG_CXX_LANGUAGE_STANDARD = "gnu++20";
				CLANG_ENABLE_MODULES = YES;
				CLANG_ENABLE_OBJC_ARC = YES;
				CLANG_ENABLE_OBJC_WEAK = YES;
				CLANG_WARN_BLOCK_CAPTURE_AUTORELEASING = YES;
				CLANG_WARN_BOOL_CONVERSION = YES;
				CLANG_WARN_COMMA = YES;
				CLANG_WARN_CONSTANT_CONVERSION = YES;
				CLANG_WARN_DEPRECATED_OBJC_IMPLEMENTATIONS = YES;
				CLANG_WARN_DIRECT_OBJC_ISA_USAGE = YES_ERROR;
				CLANG_WARN_DOCUMENTATION_COMMENTS = YES;
				CLANG_WARN_EMPTY_BODY = YES;
				CLANG_WARN_ENUM_CONVERSION = YES;
				CLANG_WARN_INFINITE_RECURSION = YES;
				CLANG_WARN_INT_CONVERSION = YES;
				CLANG_WARN_NON_LITERAL_NULL_CONVERSION = YES;
				CLANG_WARN_OBJC_IMPLICIT_RETAIN_SELF = YES;
				CLANG_WARN_OBJC_LITERAL_CONVERSION = YES;
				CLANG_WARN_OBJC_ROOT_CLASS = YES_ERROR;
				CLANG_WARN_QUOTED_INCLUDE_IN_FRAMEWORK_HEADER = YES;
				CLANG_WARN_RANGE_LOOP_ANALYSIS = YES;
				CLANG_WARN_STRICT_PROTOTYPES = YES;
				CLANG_WARN_SUSPICIOUS_MOVE = YES;
				CLANG_WARN_UNGUARDED_AVAILABILITY = YES_AGGRESSIVE;
				CLANG_WARN_UNREACHABLE_CODE = YES;
				CLANG_WARN__DUPLICATE_METHOD_MATCH = YES;
				COPY_PHASE_STRIP = NO;
				DEBUG_INFORMATION_FORMAT = "dwarf-with-dsym";
				ENABLE_NS_ASSERTIONS = NO;
				ENABLE_STRICT_OBJC_MSGSEND = YES;
				GCC_C_LANGUAGE_STANDARD = gnu11;
				GCC_NO_COMMON_BLOCKS = YES;
				GCC_WARN_64_TO_32_BIT_CONVERSION = YES;
				GCC_WARN_ABOUT_RETURN_TYPE = YES_ERROR;
				GCC_WARN_UNDECLARED_SELECTOR = YES;
				GCC_WARN_UNINITIALIZED_AUTOS = YES_AGGRESSIVE;
				GCC_WARN_UNUSED_FUNCTION = YES;
				GCC_WARN_UNUSED_VARIABLE = YES;
				IPHONEOS_DEPLOYMENT_TARGET = 16.2;
				MTL_ENABLE_DEBUG_INFO = NO;
				MTL_FAST_MATH = YES;
				SDKROOT = iphoneos;
				SWIFT_COMPILATION_MODE = wholemodule;
				SWIFT_OPTIMIZATION_LEVEL = "-O";
				VALIDATE_PRODUCT = YES;
			};
			name = Release;
		};
		0388039929C6641D00A1FFEA /* Debug */ = {
			isa = XCBuildConfiguration;
			baseConfigurationReference = 98E31F9AE8C412293D70D4A3 /* Pods-MakeAPICall.debug.xcconfig */;
			buildSettings = {
				ASSETCATALOG_COMPILER_APPICON_NAME = AppIcon;
				ASSETCATALOG_COMPILER_GLOBAL_ACCENT_COLOR_NAME = AccentColor;
				CODE_SIGN_STYLE = Automatic;
				CURRENT_PROJECT_VERSION = 1;
				GENERATE_INFOPLIST_FILE = YES;
				INFOPLIST_FILE = MakeAPICall/Info.plist;
				INFOPLIST_KEY_UIApplicationSupportsIndirectInputEvents = YES;
				INFOPLIST_KEY_UILaunchStoryboardName = LaunchScreen;
				INFOPLIST_KEY_UIMainStoryboardFile = Main;
				INFOPLIST_KEY_UISupportedInterfaceOrientations_iPad = "UIInterfaceOrientationPortrait UIInterfaceOrientationPortraitUpsideDown UIInterfaceOrientationLandscapeLeft UIInterfaceOrientationLandscapeRight";
				INFOPLIST_KEY_UISupportedInterfaceOrientations_iPhone = "UIInterfaceOrientationPortrait UIInterfaceOrientationLandscapeLeft UIInterfaceOrientationLandscapeRight";
				LD_RUNPATH_SEARCH_PATHS = (
					"$(inherited)",
					"@executable_path/Frameworks",
				);
				MARKETING_VERSION = 1.0;
				PRODUCT_BUNDLE_IDENTIFIER = edu.northeastern.yingshi.MakeAPICall;
				PRODUCT_NAME = "$(TARGET_NAME)";
				SWIFT_EMIT_LOC_STRINGS = YES;
				SWIFT_VERSION = 5.0;
				TARGETED_DEVICE_FAMILY = "1,2";
			};
			name = Debug;
		};
		0388039A29C6641D00A1FFEA /* Release */ = {
			isa = XCBuildConfiguration;
			baseConfigurationReference = 5E9B08114AB8BB640AC962C7 /* Pods-MakeAPICall.release.xcconfig */;
			buildSettings = {
				ASSETCATALOG_COMPILER_APPICON_NAME = AppIcon;
				ASSETCATALOG_COMPILER_GLOBAL_ACCENT_COLOR_NAME = AccentColor;
				CODE_SIGN_STYLE = Automatic;
				CURRENT_PROJECT_VERSION = 1;
				GENERATE_INFOPLIST_FILE = YES;
				INFOPLIST_FILE = MakeAPICall/Info.plist;
				INFOPLIST_KEY_UIApplicationSupportsIndirectInputEvents = YES;
				INFOPLIST_KEY_UILaunchStoryboardName = LaunchScreen;
				INFOPLIST_KEY_UIMainStoryboardFile = Main;
				INFOPLIST_KEY_UISupportedInterfaceOrientations_iPad = "UIInterfaceOrientationPortrait UIInterfaceOrientationPortraitUpsideDown UIInterfaceOrientationLandscapeLeft UIInterfaceOrientationLandscapeRight";
				INFOPLIST_KEY_UISupportedInterfaceOrientations_iPhone = "UIInterfaceOrientationPortrait UIInterfaceOrientationLandscapeLeft UIInterfaceOrientationLandscapeRight";
				LD_RUNPATH_SEARCH_PATHS = (
					"$(inherited)",
					"@executable_path/Frameworks",
				);
				MARKETING_VERSION = 1.0;
				PRODUCT_BUNDLE_IDENTIFIER = edu.northeastern.yingshi.MakeAPICall;
				PRODUCT_NAME = "$(TARGET_NAME)";
				SWIFT_EMIT_LOC_STRINGS = YES;
				SWIFT_VERSION = 5.0;
				TARGETED_DEVICE_FAMILY = "1,2";
			};
			name = Release;
		};
/* End XCBuildConfiguration section */

/* Begin XCConfigurationList section */
		0388037F29C6641C00A1FFEA /* Build configuration list for PBXProject "MakeAPICall" */ = {
			isa = XCConfigurationList;
			buildConfigurations = (
				0388039629C6641D00A1FFEA /* Debug */,
				0388039729C6641D00A1FFEA /* Release */,
			);
			defaultConfigurationIsVisible = 0;
			defaultConfigurationName = Release;
		};
		0388039829C6641D00A1FFEA /* Build configuration list for PBXNativeTarget "MakeAPICall" */ = {
			isa = XCConfigurationList;
			buildConfigurations = (
				0388039929C6641D00A1FFEA /* Debug */,
				0388039A29C6641D00A1FFEA /* Release */,
			);
			defaultConfigurationIsVisible = 0;
			defaultConfigurationName = Release;
		};
/* End XCConfigurationList section */
	};
	rootObject = 0388037C29C6641C00A1FFEA /* Project object */;
}
